FORGE
  remote: http://forge.puppetlabs.com
  specs:
    maestrodev/git (1.0.2)
    puppetlabs/apt (1.4.1)
      puppetlabs/stdlib (>= 2.2.1)
    puppetlabs/nodejs (0.4.0)
      puppetlabs/apt (>= 0.0.3)
      puppetlabs/stdlib (>= 2.0.0)
    puppetlabs/sqlite (0.0.1)
    puppetlabs/stdlib (4.1.0)

GIT
  remote: https://github.com/blt04/puppet-rvm
  ref: master
  sha: 6b5591f297b1a46fc19e110e9c1031d80a326dce
  specs:
    rvm (1.0.0)

DEPENDENCIES
  maestrodev/git (>= 0)
  puppetlabs/nodejs (>= 0)
  puppetlabs/sqlite (>= 0)
  puppetlabs/stdlib (>= 0)
  rvm (>= 0)

